
Microsoft Visual Studio Solution File, Format Version 11.00
# Visual Studio 2010
Project("{FAE04EC0-301F-11D3-BF4B-00C04F79EFBC}") = "Assembly-CSharp", "Assembly-CSharp.csproj", "{B2ACBB6C-FF40-5FB1-4F14-0041AB6B2AEB}"
EndProject
Global
	GlobalSection(SolutionConfigurationPlatforms) = preSolution
		Debug|Any CPU = Debug|Any CPU
		Release|Any CPU = Release|Any CPU
	EndGlobalSection
	GlobalSection(ProjectConfigurationPlatforms) = postSolution
		{B2ACBB6C-FF40-5FB1-4F14-0041AB6B2AEB}.Debug|Any CPU.ActiveCfg = Debug|Any CPU
		{B2ACBB6C-FF40-5FB1-4F14-0041AB6B2AEB}.Debug|Any CPU.Build.0 = Debug|Any CPU
		{B2ACBB6C-FF40-5FB1-4F14-0041AB6B2AEB}.Release|Any CPU.ActiveCfg = Release|Any CPU
		{B2ACBB6C-FF40-5FB1-4F14-0041AB6B2AEB}.Release|Any CPU.Build.0 = Release|Any CPU
	EndGlobalSection
	GlobalSection(SolutionProperties) = preSolution
		HideSolutionNode = FALSE
	EndGlobalSection
EndGlobal
